
Microsoft Visual Studio Solution File, Format Version 12.00
# Visual Studio Version 17
VisualStudioVersion = 17.2.32526.322
MinimumVisualStudioVersion = 10.0.40219.1
Project("{2150E333-8FDC-42A3-9474-1A3956D46DE8}") = "Services", "Services", "{2E628FA5-74AD-4B29-8DAD-D29C615F58AA}"
EndProject
Project("{2150E333-8FDC-42A3-9474-1A3956D46DE8}") = "Catalog", "Catalog", "{54EEAD74-B3E3-4F6B-9291-8E2582391C3F}"
EndProject
Project("{9A19103F-16F7-4668-BE54-9A1E7A4F7556}") = "Catalog.API", "Services\Catalog\Catalog.API\Catalog.API.csproj", "{E9A99C93-1AA1-4D43-A701-68C2C5E1ECC1}"
EndProject
Project("{E53339B2-1760-4266-BCC7-CA923CBCF16C}") = "docker-compose", "docker-compose.dcproj", "{51EFA752-707E-4E1F-A70D-31AE447704B1}"
EndProject
Project("{2150E333-8FDC-42A3-9474-1A3956D46DE8}") = "Basket", "Basket", "{3D356E5E-7763-4019-A7FA-7A097C4034C9}"
EndProject
Project("{9A19103F-16F7-4668-BE54-9A1E7A4F7556}") = "Basket.API", "Services\Basket\Basket.API\Basket.API.csproj", "{7DC8DB4D-4222-45AC-8599-AB4B4A1107E9}"
EndProject
Project("{2150E333-8FDC-42A3-9474-1A3956D46DE8}") = "Solution Items", "Solution Items", "{A3751625-5503-4AB2-B408-A3C13C13184E}"
	ProjectSection(SolutionItems) = preProject
		.editorconfig = .editorconfig
	EndProjectSection
EndProject
Project("{2150E333-8FDC-42A3-9474-1A3956D46DE8}") = "Discount", "Discount", "{EF19C2B6-3A3A-45B4-9B50-1E371FE55818}"
EndProject
Project("{9A19103F-16F7-4668-BE54-9A1E7A4F7556}") = "Discount.API", "Services\Discount\Discount.API\Discount.API.csproj", "{7D880413-C51E-4167-9F3C-64E9374D4E69}"
EndProject
Project("{9A19103F-16F7-4668-BE54-9A1E7A4F7556}") = "Discount.Grpc", "Services\Discount\Discount.Grpc\Discount.Grpc.csproj", "{B3CE8ABC-2EF0-4701-AA50-F68422E1C4D5}"
EndProject
Global
	GlobalSection(SolutionConfigurationPlatforms) = preSolution
		Debug|Any CPU = Debug|Any CPU
		Release|Any CPU = Release|Any CPU
	EndGlobalSection
	GlobalSection(ProjectConfigurationPlatforms) = postSolution
		{E9A99C93-1AA1-4D43-A701-68C2C5E1ECC1}.Debug|Any CPU.ActiveCfg = Debug|Any CPU
		{E9A99C93-1AA1-4D43-A701-68C2C5E1ECC1}.Debug|Any CPU.Build.0 = Debug|Any CPU
		{E9A99C93-1AA1-4D43-A701-68C2C5E1ECC1}.Release|Any CPU.ActiveCfg = Release|Any CPU
		{E9A99C93-1AA1-4D43-A701-68C2C5E1ECC1}.Release|Any CPU.Build.0 = Release|Any CPU
		{51EFA752-707E-4E1F-A70D-31AE447704B1}.Debug|Any CPU.ActiveCfg = Debug|Any CPU
		{51EFA752-707E-4E1F-A70D-31AE447704B1}.Debug|Any CPU.Build.0 = Debug|Any CPU
		{51EFA752-707E-4E1F-A70D-31AE447704B1}.Release|Any CPU.ActiveCfg = Release|Any CPU
		{51EFA752-707E-4E1F-A70D-31AE447704B1}.Release|Any CPU.Build.0 = Release|Any CPU
		{7DC8DB4D-4222-45AC-8599-AB4B4A1107E9}.Debug|Any CPU.ActiveCfg = Debug|Any CPU
		{7DC8DB4D-4222-45AC-8599-AB4B4A1107E9}.Debug|Any CPU.Build.0 = Debug|Any CPU
		{7DC8DB4D-4222-45AC-8599-AB4B4A1107E9}.Release|Any CPU.ActiveCfg = Release|Any CPU
		{7DC8DB4D-4222-45AC-8599-AB4B4A1107E9}.Release|Any CPU.Build.0 = Release|Any CPU
		{7D880413-C51E-4167-9F3C-64E9374D4E69}.Debug|Any CPU.ActiveCfg = Debug|Any CPU
		{7D880413-C51E-4167-9F3C-64E9374D4E69}.Debug|Any CPU.Build.0 = Debug|Any CPU
		{7D880413-C51E-4167-9F3C-64E9374D4E69}.Release|Any CPU.ActiveCfg = Release|Any CPU
		{7D880413-C51E-4167-9F3C-64E9374D4E69}.Release|Any CPU.Build.0 = Release|Any CPU
		{B3CE8ABC-2EF0-4701-AA50-F68422E1C4D5}.Debug|Any CPU.ActiveCfg = Debug|Any CPU
		{B3CE8ABC-2EF0-4701-AA50-F68422E1C4D5}.Debug|Any CPU.Build.0 = Debug|Any CPU
		{B3CE8ABC-2EF0-4701-AA50-F68422E1C4D5}.Release|Any CPU.ActiveCfg = Release|Any CPU
		{B3CE8ABC-2EF0-4701-AA50-F68422E1C4D5}.Release|Any CPU.Build.0 = Release|Any CPU
	EndGlobalSection
	GlobalSection(SolutionProperties) = preSolution
		HideSolutionNode = FALSE
	EndGlobalSection
	GlobalSection(NestedProjects) = preSolution
		{54EEAD74-B3E3-4F6B-9291-8E2582391C3F} = {2E628FA5-74AD-4B29-8DAD-D29C615F58AA}
		{E9A99C93-1AA1-4D43-A701-68C2C5E1ECC1} = {54EEAD74-B3E3-4F6B-9291-8E2582391C3F}
		{3D356E5E-7763-4019-A7FA-7A097C4034C9} = {2E628FA5-74AD-4B29-8DAD-D29C615F58AA}
		{7DC8DB4D-4222-45AC-8599-AB4B4A1107E9} = {3D356E5E-7763-4019-A7FA-7A097C4034C9}
		{EF19C2B6-3A3A-45B4-9B50-1E371FE55818} = {2E628FA5-74AD-4B29-8DAD-D29C615F58AA}
		{7D880413-C51E-4167-9F3C-64E9374D4E69} = {EF19C2B6-3A3A-45B4-9B50-1E371FE55818}
		{B3CE8ABC-2EF0-4701-AA50-F68422E1C4D5} = {EF19C2B6-3A3A-45B4-9B50-1E371FE55818}
	EndGlobalSection
	GlobalSection(ExtensibilityGlobals) = postSolution
		SolutionGuid = {2EEDEE8D-2366-4BC7-BE28-1A4D4CCA159F}
	EndGlobalSection
EndGlobal
